github.com/vamosCB/utils v0.0.0-20200531144656-0d2c54a3650e h1:Dv7Lx2HGWYUXvX+IE2oZeLHSohn96ZRTNpNg4YRGdOE=
github.com/vamosCB/utils v0.0.0-20200531144656-0d2c54a3650e/go.mod h1:falEI6O2LoXiRJk3xsSlqNWBh9DgXeVja2zRKgb5tNo=
github.com/vamosCB/utils v0.0.0-20200605092440-43c54b6facdd h1:Jy0VcFxwvNHJRVTs9M4zuelqPZjUhpHMNZWyEAhjYGI=
github.com/vamosCB/utils v0.0.0-20200605092440-43c54b6facdd/go.mod h1:falEI6O2LoXiRJk3xsSlqNWBh9DgXeVja2zRKgb5tNo=
